{
    "_meta": {
        "hash": {
            "sha256": "2973d104fa754f3bfd5440f1e77f335e257e453c06ff51aefe7d293b53346125"
        },
        "pipfile-spec": 6,
        "requires": {
            "python_version": "3.11"
        },
        "sources": [
            {
                "name": "pypi",
                "url": "https://pypi.org/simple",
                "verify_ssl": true
            }
        ]
    },
    "default": {
        "faker": {
            "hashes": [
                "sha256:8fba91068dc26e3159c1ac9f22444a2338704b0991d86605322e454bda420092",
                "sha256:d5d5953556b0fb428a46019e03fc2d40eab2980135ddef5a9eb3d054947fdf83"
            ],
            "index": "pypi",
            "markers": "python_version >= '3.8'",
            "version": "==19.6.2"
        },
        "psycopg2": {
            "hashes": [
                "sha256:287a64ef168ef7fb9f382964705ff664b342bfff47e7242bf0a04ef203269dd5",
                "sha256:2f8594f92bbb5d8b59ffec04e2686c416401e2d4297de1193f8e75235937e71d",
                "sha256:3da6488042a53b50933244085f3f91803f1b7271f970f3e5536efa69314f6a49",
                "sha256:65f81e72136d8b9ac8abf5206938d60f50da424149a43b6073f1546063c0565e",
                "sha256:67c2f32f3aba79afb15799575e77ee2db6b46b8acf943c21d34d02d4e1041d50",
                "sha256:81b21424023a290a40884c7f8b0093ba6465b59bd785c18f757e76945f65594c",
                "sha256:d39bb3959788b2c9d7bf5ff762e29f436172b241cd7b47529baac77746fd7918",
                "sha256:d4ad050ea50a16731d219c3a85e8f2debf49415a070f0b8331ccc96c81700d9b",
                "sha256:dcde3cad4920e29e74bf4e76c072649764914facb2069e6b7fa1ddbebcd49e9f",
                "sha256:f7e62095d749359b7854143843f27edd7dccfcd3e1d833b880562aa5702d92b0",
                "sha256:f9ecbf504c4eaff90139d5c9b95d47275f2b2651e14eba56392b4041fbf4c2b3"
            ],
            "index": "pypi",
            "markers": "python_version >= '3.6'",
            "version": "==2.9.8"
        },
        "python-dateutil": {
            "hashes": [
                "sha256:0123cacc1627ae19ddf3c27a5de5bd67ee4586fbdd6440d9748f8abb483d3e86",
                "sha256:961d03dc3453ebbc59dbdea9e4e11c5651520a876d0f4db161e8674aae935da9"
            ],
            "markers": "python_version >= '2.7' and python_version not in '3.0, 3.1, 3.2, 3.3'",
            "version": "==2.8.2"
        },
        "six": {
            "hashes": [
                "sha256:1e61c37477a1626458e36f7b1d82aa5c9b094fa4802892072e49de9c60c4c926",
                "sha256:8abb2f1d86890a2dfb989f9a77cfcfd3e47c2a354b01111771326f8aa26e0254"
            ],
            "markers": "python_version >= '2.7' and python_version not in '3.0, 3.1, 3.2, 3.3'",
            "version": "==1.16.0"
        }
    },
    "develop": {}
}
